<?xml version="1.0" encoding="utf-8"?>
<Project ToolsVersion="4.0" xmlns="http://schemas.microsoft.com/developer/msbuild/2003">
  <ItemGroup>
    <Filter Include="Source Files">
      <UniqueIdentifier>{4FC737F1-C7A5-4376-A066-2A32D752A2FF}</UniqueIdentifier>
      <Extensions>cpp;c;cc;cxx;c++;cppm;ixx;def;odl;idl;hpj;bat;asm;asmx</Extensions>
    </Filter>
    <Filter Include="Header Files">
      <UniqueIdentifier>{93995380-89BD-4b04-88EB-625FBE52EBFB}</UniqueIdentifier>
      <Extensions>h;hh;hpp;hxx;h++;hm;inl;inc;ipp;xsd</Extensions>
    </Filter>
    <Filter Include="Resource Files">
      <UniqueIdentifier>{67DA6AB6-F800-4c08-8B7A-83BB121AAD01}</UniqueIdentifier>
      <Extensions>rc;ico;cur;bmp;dlg;rc2;rct;bin;rgs;gif;jpg;jpeg;jpe;resx;tiff;tif;png;wav;mfcribbon-ms</Extensions>
    </Filter>
    <Filter Include="Header Files\Logic">
      <UniqueIdentifier>{70625730-8791-4fcb-86f0-a06859d102de}</UniqueIdentifier>
    </Filter>
    <Filter Include="Source Files\CryptoApi">
      <UniqueIdentifier>{53a3eeea-2944-4f76-81fb-edc807357a3f}</UniqueIdentifier>
    </Filter>
    <Filter Include="Header Files\CryptoApiH">
      <UniqueIdentifier>{96354ae3-bf6c-47de-9c75-36e257a11086}</UniqueIdentifier>
    </Filter>
    <Filter Include="Source Files\Dialogs">
      <UniqueIdentifier>{d1b434d7-6f13-4557-a910-e7bcc4f63f4b}</UniqueIdentifier>
    </Filter>
    <Filter Include="Header Files\DialogsH">
      <UniqueIdentifier>{039dec18-e0b6-48a1-b8be-5c0bb9e177a4}</UniqueIdentifier>
    </Filter>
    <Filter Include="Source Files\Grid">
      <UniqueIdentifier>{6dee4cc8-4720-47dc-bc74-ba8dd4b0b45a}</UniqueIdentifier>
    </Filter>
    <Filter Include="Header Files\GridH">
      <UniqueIdentifier>{67738d4c-54c3-4ff2-8e2a-7684b5d47305}</UniqueIdentifier>
    </Filter>
  </ItemGroup>
  <ItemGroup>
    <ClInclude Include="TrO.h">
      <Filter>Header Files</Filter>
    </ClInclude>
    <ClInclude Include="framework.h">
      <Filter>Header Files</Filter>
    </ClInclude>
    <ClInclude Include="targetver.h">
      <Filter>Header Files</Filter>
    </ClInclude>
    <ClInclude Include="Resource.h">
      <Filter>Header Files</Filter>
    </ClInclude>
    <ClInclude Include="pch.h">
      <Filter>Header Files</Filter>
    </ClInclude>
    <ClInclude Include="Position.h">
      <Filter>Header Files\Logic</Filter>
    </ClInclude>
    <ClInclude Include="WeaponType.h">
      <Filter>Header Files\Logic</Filter>
    </ClInclude>
    <ClInclude Include="WeaponNum.h">
      <Filter>Header Files\Logic</Filter>
    </ClInclude>
    <ClInclude Include="Relative.h">
      <Filter>Header Files\Logic</Filter>
    </ClInclude>
    <ClInclude Include="Rank.h">
      <Filter>Header Files\Logic</Filter>
    </ClInclude>
    <ClInclude Include="Division.h">
      <Filter>Header Files\Logic</Filter>
    </ClInclude>
    <ClInclude Include="Person.h">
      <Filter>Header Files\Logic</Filter>
    </ClInclude>
    <ClInclude Include="MainLogic.h">
      <Filter>Header Files\Logic</Filter>
    </ClInclude>
    <ClInclude Include="des.h">
      <Filter>Header Files\CryptoApiH</Filter>
    </ClInclude>
    <ClInclude Include="sha1.h">
      <Filter>Header Files\CryptoApiH</Filter>
    </ClInclude>
    <ClInclude Include="md5.h">
      <Filter>Header Files\CryptoApiH</Filter>
    </ClInclude>
    <ClInclude Include="HelperFunctions.h">
      <Filter>Header Files</Filter>
    </ClInclude>
    <ClInclude Include="globals.h">
      <Filter>Header Files\CryptoApiH</Filter>
    </ClInclude>
    <ClInclude Include="Password.h">
      <Filter>Header Files\Logic</Filter>
    </ClInclude>
    <ClInclude Include="PasswordDlg.h">
      <Filter>Header Files\DialogsH</Filter>
    </ClInclude>
    <ClInclude Include="TrODlg.h">
      <Filter>Header Files\DialogsH</Filter>
    </ClInclude>
    <ClInclude Include="UnicIds.h">
      <Filter>Header Files\Logic</Filter>
    </ClInclude>
    <ClInclude Include="PositDlg.h">
      <Filter>Header Files\DialogsH</Filter>
    </ClInclude>
    <ClInclude Include="RankDlg.h">
      <Filter>Header Files\DialogsH</Filter>
    </ClInclude>
    <ClInclude Include="WeaponDlg.h">
      <Filter>Header Files\DialogsH</Filter>
    </ClInclude>
    <ClInclude Include="TitleTip.h">
      <Filter>Header Files\GridH</Filter>
    </ClInclude>
    <ClInclude Include="MemDC.h">
      <Filter>Header Files\GridH</Filter>
    </ClInclude>
    <ClInclude Include="VirtualGridCtrl.h">
      <Filter>Header Files\GridH</Filter>
    </ClInclude>
    <ClInclude Include="DivizionDlg.h">
      <Filter>Header Files\DialogsH</Filter>
    </ClInclude>
    <ClInclude Include="PersonDlg.h">
      <Filter>Header Files\DialogsH</Filter>
    </ClInclude>
  </ItemGroup>
  <ItemGroup>
    <ClCompile Include="TrO.cpp">
      <Filter>Source Files</Filter>
    </ClCompile>
    <ClCompile Include="pch.cpp">
      <Filter>Source Files</Filter>
    </ClCompile>
    <ClCompile Include="des.cpp">
      <Filter>Source Files\CryptoApi</Filter>
    </ClCompile>
    <ClCompile Include="md5.cpp">
      <Filter>Source Files\CryptoApi</Filter>
    </ClCompile>
    <ClCompile Include="sha1.cpp">
      <Filter>Source Files\CryptoApi</Filter>
    </ClCompile>
    <ClCompile Include="globals.cpp">
      <Filter>Source Files\CryptoApi</Filter>
    </ClCompile>
    <ClCompile Include="PasswordDlg.cpp">
      <Filter>Source Files\Dialogs</Filter>
    </ClCompile>
    <ClCompile Include="TrODlg.cpp">
      <Filter>Source Files\Dialogs</Filter>
    </ClCompile>
    <ClCompile Include="PositDlg.cpp">
      <Filter>Source Files\Dialogs</Filter>
    </ClCompile>
    <ClCompile Include="RankDlg.cpp">
      <Filter>Source Files\Dialogs</Filter>
    </ClCompile>
    <ClCompile Include="WeaponDlg.cpp">
      <Filter>Source Files\Dialogs</Filter>
    </ClCompile>
    <ClCompile Include="TitleTip.cpp">
      <Filter>Source Files\Grid</Filter>
    </ClCompile>
    <ClCompile Include="VirtualGridCtrl.cpp">
      <Filter>Source Files\Grid</Filter>
    </ClCompile>
    <ClCompile Include="DivizionDlg.cpp">
      <Filter>Source Files\Dialogs</Filter>
    </ClCompile>
    <ClCompile Include="PersonDlg.cpp">
      <Filter>Source Files\Dialogs</Filter>
    </ClCompile>
  </ItemGroup>
  <ItemGroup>
    <ResourceCompile Include="TrO.rc">
      <Filter>Resource Files</Filter>
    </ResourceCompile>
  </ItemGroup>
  <ItemGroup>
    <None Include="res\TrO.rc2">
      <Filter>Resource Files</Filter>
    </None>
  </ItemGroup>
  <ItemGroup>
    <Image Include="res\TrO.ico">
      <Filter>Resource Files</Filter>
    </Image>
  </ItemGroup>
</Project>